Microsoft Visual Studio Solution File, Format Version 12.00
# Visual Studio Version 17
VisualStudioVersion = 17.5.2.0
MinimumVisualStudioVersion = 10.0.40219.1
Project("{FAE04EC0-301F-11D3-BF4B-00C04F79EFBC}") = "SquadIA", "SquadIA.csproj", "{82BC3C7E-B225-4677-6160-1B77BA77C480}"
EndProject
Global
	GlobalSection(SolutionConfigurationPlatforms) = preSolution
		Debug|Any CPU = Debug|Any CPU
		Release|Any CPU = Release|Any CPU
	EndGlobalSection
	GlobalSection(ProjectConfigurationPlatforms) = postSolution
		{82BC3C7E-B225-4677-6160-1B77BA77C480}.Debug|Any CPU.ActiveCfg = Debug|Any CPU
		{82BC3C7E-B225-4677-6160-1B77BA77C480}.Debug|Any CPU.Build.0 = Debug|Any CPU
		{82BC3C7E-B225-4677-6160-1B77BA77C480}.Release|Any CPU.ActiveCfg = Release|Any CPU
		{82BC3C7E-B225-4677-6160-1B77BA77C480}.Release|Any CPU.Build.0 = Release|Any CPU
	EndGlobalSection
	GlobalSection(SolutionProperties) = preSolution
		HideSolutionNode = FALSE
	EndGlobalSection
	GlobalSection(ExtensibilityGlobals) = postSolution
		SolutionGuid = {9ED595EA-6BF0-4E33-8130-6A3382B03035}
	EndGlobalSection
EndGlobal
